// !$*UTF8*$!
{
	archiveVersion = 1;
	classes = {
	};
	objectVersion = 50;
	objects = {

/* Begin PBXBuildFile section */
		3F0D4CC624E8C4BB008637C6 /* stubs.m in Sources */ = {isa = PBXBuildFile; fileRef = 3F54DC1B2210991100794232 /* stubs.m */; };
		3F2FF68524EC91CF00637016 /* zarrosim.c in Sources */ = {isa = PBXBuildFile; fileRef = 3F2FF67724EC91CE00637016 /* zarrosim.c */; };
		3F2FF68624EC91CF00637016 /* scooter.c in Sources */ = {isa = PBXBuildFile; fileRef = 3F2FF67824EC91CE00637016 /* scooter.c */; };
		3F2FF68724EC91CF00637016 /* vestiti.c in Sources */ = {isa = PBXBuildFile; fileRef = 3F2FF67A24EC91CE00637016 /* vestiti.c */; };
		3F2FF68824EC91CF00637016 /* scuola.c in Sources */ = {isa = PBXBuildFile; fileRef = 3F2FF67B24EC91CE00637016 /* scuola.c */; };
		3F2FF68924EC91CF00637016 /* tipa.c in Sources */ = {isa = PBXBuildFile; fileRef = 3F2FF67C24EC91CE00637016 /* tipa.c */; };
		3F2FF68A24EC91CF00637016 /* telefono.c in Sources */ = {isa = PBXBuildFile; fileRef = 3F2FF67D24EC91CF00637016 /* telefono.c */; };
		3F2FF68B24EC91CF00637016 /* tempo.c in Sources */ = {isa = PBXBuildFile; fileRef = 3F2FF67E24EC91CF00637016 /* tempo.c */; };
		3F2FF68C24EC91CF00637016 /* eventi.c in Sources */ = {isa = PBXBuildFile; fileRef = 3F2FF68024EC91CF00637016 /* eventi.c */; };
		3F2FF68D24EC91CF00637016 /* disco.c in Sources */ = {isa = PBXBuildFile; fileRef = 3F2FF68124EC91CF00637016 /* disco.c */; };
		3F2FF68E24EC91CF00637016 /* prompt.c in Sources */ = {isa = PBXBuildFile; fileRef = 3F2FF68224EC91CF00637016 /* prompt.c */; };
		3F2FF68F24EC91CF00637016 /* tabimg.c in Sources */ = {isa = PBXBuildFile; fileRef = 3F2FF68324EC91CF00637016 /* tabimg.c */; };
		3F2FF69024EC91CF00637016 /* lavoro.c in Sources */ = {isa = PBXBuildFile; fileRef = 3F2FF68424EC91CF00637016 /* lavoro.c */; };
		3F2FF69224EC934800637016 /* readkey.c in Sources */ = {isa = PBXBuildFile; fileRef = 3F2FF69124EC934800637016 /* readkey.c */; };
		3F54DC1C2210991100794232 /* stubs.m in Sources */ = {isa = PBXBuildFile; fileRef = 3F54DC1B2210991100794232 /* stubs.m */; };
		3FC1271724E8B7B7006BDC9A /* AppDelegate.swift in Sources */ = {isa = PBXBuildFile; fileRef = 3FC1271624E8B7B7006BDC9A /* AppDelegate.swift */; };
		3FC1271924E8B7B8006BDC9A /* Assets.xcassets in Resources */ = {isa = PBXBuildFile; fileRef = 3FC1271824E8B7B8006BDC9A /* Assets.xcassets */; };
		3FC1271C24E8B7B8006BDC9A /* MainMenu.xib in Resources */ = {isa = PBXBuildFile; fileRef = 3FC1271A24E8B7B8006BDC9A /* MainMenu.xib */; };
		3FC1272324E8B7F4006BDC9A /* ZARRO32.RES in Resources */ = {isa = PBXBuildFile; fileRef = 3FC1272224E8B7F4006BDC9A /* ZARRO32.RES */; };
		3FC1272624E8B841006BDC9A /* Win32Resources.swift in Sources */ = {isa = PBXBuildFile; fileRef = 3FC1272524E8B841006BDC9A /* Win32Resources.swift */; };
/* End PBXBuildFile section */

/* Begin PBXCopyFilesBuildPhase section */
		3F4DA420220FC25A008DC569 /* CopyFiles */ = {
			isa = PBXCopyFilesBuildPhase;
			buildActionMask = 2147483647;
			dstPath = /usr/share/man/man1/;
			dstSubfolderSpec = 0;
			files = (
			);
			runOnlyForDeploymentPostprocessing = 1;
		};
/* End PBXCopyFilesBuildPhase section */

/* Begin PBXFileReference section */
		3F25441D22116E5300D494E8 /* stubs.h */ = {isa = PBXFileReference; lastKnownFileType = sourcecode.c.h; path = stubs.h; sourceTree = "<group>"; };
		3F2FF67724EC91CE00637016 /* zarrosim.c */ = {isa = PBXFileReference; explicitFileType = sourcecode.c.objc; fileEncoding = 4; path = zarrosim.c; sourceTree = "<group>"; };
		3F2FF67824EC91CE00637016 /* scooter.c */ = {isa = PBXFileReference; explicitFileType = sourcecode.c.objc; fileEncoding = 4; path = scooter.c; sourceTree = "<group>"; };
		3F2FF67924EC91CE00637016 /* resource.h */ = {isa = PBXFileReference; fileEncoding = 4; lastKnownFileType = sourcecode.c.h; path = resource.h; sourceTree = "<group>"; };
		3F2FF67A24EC91CE00637016 /* vestiti.c */ = {isa = PBXFileReference; explicitFileType = sourcecode.c.objc; fileEncoding = 4; path = vestiti.c; sourceTree = "<group>"; };
		3F2FF67B24EC91CE00637016 /* scuola.c */ = {isa = PBXFileReference; explicitFileType = sourcecode.c.objc; fileEncoding = 4; path = scuola.c; sourceTree = "<group>"; };
		3F2FF67C24EC91CE00637016 /* tipa.c */ = {isa = PBXFileReference; explicitFileType = sourcecode.c.objc; fileEncoding = 4; path = tipa.c; sourceTree = "<group>"; };
		3F2FF67D24EC91CF00637016 /* telefono.c */ = {isa = PBXFileReference; explicitFileType = sourcecode.c.objc; fileEncoding = 4; path = telefono.c; sourceTree = "<group>"; };
		3F2FF67E24EC91CF00637016 /* tempo.c */ = {isa = PBXFileReference; explicitFileType = sourcecode.c.objc; fileEncoding = 4; path = tempo.c; sourceTree = "<group>"; };
		3F2FF67F24EC91CF00637016 /* zarrosim.h */ = {isa = PBXFileReference; fileEncoding = 4; lastKnownFileType = sourcecode.c.h; path = zarrosim.h; sourceTree = "<group>"; };
		3F2FF68024EC91CF00637016 /* eventi.c */ = {isa = PBXFileReference; explicitFileType = sourcecode.c.objc; fileEncoding = 4; path = eventi.c; sourceTree = "<group>"; };
		3F2FF68124EC91CF00637016 /* disco.c */ = {isa = PBXFileReference; explicitFileType = sourcecode.c.objc; fileEncoding = 4; path = disco.c; sourceTree = "<group>"; };
		3F2FF68224EC91CF00637016 /* prompt.c */ = {isa = PBXFileReference; explicitFileType = sourcecode.c.objc; fileEncoding = 4; path = prompt.c; sourceTree = "<group>"; };
		3F2FF68324EC91CF00637016 /* tabimg.c */ = {isa = PBXFileReference; explicitFileType = sourcecode.c.objc; fileEncoding = 4; path = tabimg.c; sourceTree = "<group>"; };
		3F2FF68424EC91CF00637016 /* lavoro.c */ = {isa = PBXFileReference; explicitFileType = sourcecode.c.objc; fileEncoding = 4; path = lavoro.c; sourceTree = "<group>"; };
		3F2FF69124EC934800637016 /* readkey.c */ = {isa = PBXFileReference; explicitFileType = sourcecode.c.objc; fileEncoding = 4; path = readkey.c; sourceTree = "<group>"; };
		3F4DA422220FC25A008DC569 /* Tabboz Simulator */ = {isa = PBXFileReference; explicitFileType = "compiled.mach-o.executable"; includeInIndex = 0; path = "Tabboz Simulator"; sourceTree = BUILT_PRODUCTS_DIR; };
		3F54DC1B2210991100794232 /* stubs.m */ = {isa = PBXFileReference; lastKnownFileType = sourcecode.c.objc; path = stubs.m; sourceTree = "<group>"; };
		3FC1271424E8B7B7006BDC9A /* Tabboz macOS.app */ = {isa = PBXFileReference; explicitFileType = wrapper.application; includeInIndex = 0; path = "Tabboz macOS.app"; sourceTree = BUILT_PRODUCTS_DIR; };
		3FC1271624E8B7B7006BDC9A /* AppDelegate.swift */ = {isa = PBXFileReference; lastKnownFileType = sourcecode.swift; path = AppDelegate.swift; sourceTree = "<group>"; };
		3FC1271824E8B7B8006BDC9A /* Assets.xcassets */ = {isa = PBXFileReference; lastKnownFileType = folder.assetcatalog; path = Assets.xcassets; sourceTree = "<group>"; };
		3FC1271B24E8B7B8006BDC9A /* Base */ = {isa = PBXFileReference; lastKnownFileType = file.xib; name = Base; path = Base.lproj/MainMenu.xib; sourceTree = "<group>"; };
		3FC1271D24E8B7B8006BDC9A /* Info.plist */ = {isa = PBXFileReference; lastKnownFileType = text.plist.xml; path = Info.plist; sourceTree = "<group>"; };
		3FC1271E24E8B7B8006BDC9A /* Tabboz_macOS.entitlements */ = {isa = PBXFileReference; lastKnownFileType = text.plist.entitlements; path = Tabboz_macOS.entitlements; sourceTree = "<group>"; };
		3FC1272224E8B7F4006BDC9A /* ZARRO32.RES */ = {isa = PBXFileReference; lastKnownFileType = file; name = ZARRO32.RES; path = Original/ZARRO32.RES; sourceTree = SOURCE_ROOT; };
		3FC1272524E8B841006BDC9A /* Win32Resources.swift */ = {isa = PBXFileReference; fileEncoding = 4; lastKnownFileType = sourcecode.swift; path = Win32Resources.swift; sourceTree = "<group>"; };
		3FED203E220FC7E000AC38D7 /* Tabboz Simulator-Bridging-Header.h */ = {isa = PBXFileReference; lastKnownFileType = sourcecode.c.h; path = "Tabboz Simulator-Bridging-Header.h"; sourceTree = "<group>"; };
		3FED204A220FCA3500AC38D7 /* os.h */ = {isa = PBXFileReference; fileEncoding = 4; lastKnownFileType = sourcecode.c.h; name = os.h; path = "Tabboz Simulator/C/os.h"; sourceTree = SOURCE_ROOT; };
/* End PBXFileReference section */

/* Begin PBXFrameworksBuildPhase section */
		3F4DA41F220FC25A008DC569 /* Frameworks */ = {
			isa = PBXFrameworksBuildPhase;
			buildActionMask = 2147483647;
			files = (
			);
			runOnlyForDeploymentPostprocessing = 0;
		};
		3FC1271124E8B7B7006BDC9A /* Frameworks */ = {
			isa = PBXFrameworksBuildPhase;
			buildActionMask = 2147483647;
			files = (
			);
			runOnlyForDeploymentPostprocessing = 0;
		};
/* End PBXFrameworksBuildPhase section */

/* Begin PBXGroup section */
		3F4DA419220FC25A008DC569 = {
			isa = PBXGroup;
			children = (
				3F4DA424220FC25A008DC569 /* Tabboz Simulator */,
				3FC1271524E8B7B7006BDC9A /* Tabboz macOS */,
				3F4DA423220FC25A008DC569 /* Products */,
			);
			sourceTree = "<group>";
		};
		3F4DA423220FC25A008DC569 /* Products */ = {
			isa = PBXGroup;
			children = (
				3F4DA422220FC25A008DC569 /* Tabboz Simulator */,
				3FC1271424E8B7B7006BDC9A /* Tabboz macOS.app */,
			);
			name = Products;
			sourceTree = "<group>";
		};
		3F4DA424220FC25A008DC569 /* Tabboz Simulator */ = {
			isa = PBXGroup;
			children = (
				3FED203D220FC7B800AC38D7 /* C */,
				3F25441D22116E5300D494E8 /* stubs.h */,
				3F54DC1B2210991100794232 /* stubs.m */,
			);
			path = "Tabboz Simulator";
			sourceTree = "<group>";
		};
		3FC1271524E8B7B7006BDC9A /* Tabboz macOS */ = {
			isa = PBXGroup;
			children = (
				3FC1272424E8B80C006BDC9A /* Resources */,
				3FC1272224E8B7F4006BDC9A /* ZARRO32.RES */,
				3FC1272524E8B841006BDC9A /* Win32Resources.swift */,
				3FC1271624E8B7B7006BDC9A /* AppDelegate.swift */,
			);
			path = "Tabboz macOS";
			sourceTree = "<group>";
		};
		3FC1272424E8B80C006BDC9A /* Resources */ = {
			isa = PBXGroup;
			children = (
				3FC1271824E8B7B8006BDC9A /* Assets.xcassets */,
				3FC1271A24E8B7B8006BDC9A /* MainMenu.xib */,
				3FC1271D24E8B7B8006BDC9A /* Info.plist */,
				3FC1271E24E8B7B8006BDC9A /* Tabboz_macOS.entitlements */,
			);
			path = Resources;
			sourceTree = "<group>";
		};
		3FED203D220FC7B800AC38D7 /* C */ = {
			isa = PBXGroup;
			children = (
				3F2FF69124EC934800637016 /* readkey.c */,
				3F2FF68124EC91CF00637016 /* disco.c */,
				3F2FF68024EC91CF00637016 /* eventi.c */,
				3F2FF68424EC91CF00637016 /* lavoro.c */,
				3F2FF68224EC91CF00637016 /* prompt.c */,
				3F2FF67924EC91CE00637016 /* resource.h */,
				3F2FF67824EC91CE00637016 /* scooter.c */,
				3F2FF67B24EC91CE00637016 /* scuola.c */,
				3F2FF68324EC91CF00637016 /* tabimg.c */,
				3F2FF67D24EC91CF00637016 /* telefono.c */,
				3F2FF67E24EC91CF00637016 /* tempo.c */,
				3F2FF67C24EC91CE00637016 /* tipa.c */,
				3F2FF67A24EC91CE00637016 /* vestiti.c */,
				3F2FF67724EC91CE00637016 /* zarrosim.c */,
				3F2FF67F24EC91CF00637016 /* zarrosim.h */,
				3FED204A220FCA3500AC38D7 /* os.h */,
				3FED203E220FC7E000AC38D7 /* Tabboz Simulator-Bridging-Header.h */,
			);
			path = C;
			sourceTree = "<group>";
		};
/* End PBXGroup section */

/* Begin PBXNativeTarget section */
		3F4DA421220FC25A008DC569 /* Tabboz Simulator */ = {
			isa = PBXNativeTarget;
			buildConfigurationList = 3F4DA429220FC25A008DC569 /* Build configuration list for PBXNativeTarget "Tabboz Simulator" */;
			buildPhases = (
				3F4DA41E220FC25A008DC569 /* Sources */,
				3F4DA41F220FC25A008DC569 /* Frameworks */,
				3F4DA420220FC25A008DC569 /* CopyFiles */,
			);
			buildRules = (
			);
			dependencies = (
			);
			name = "Tabboz Simulator";
			productName = "Tabboz Simulator";
			productReference = 3F4DA422220FC25A008DC569 /* Tabboz Simulator */;
			productType = "com.apple.product-type.tool";
		};
		3FC1271324E8B7B7006BDC9A /* Tabboz macOS */ = {
			isa = PBXNativeTarget;
			buildConfigurationList = 3FC1272124E8B7B8006BDC9A /* Build configuration list for PBXNativeTarget "Tabboz macOS" */;
			buildPhases = (
				3FC1271024E8B7B7006BDC9A /* Sources */,
				3FC1271124E8B7B7006BDC9A /* Frameworks */,
				3FC1271224E8B7B7006BDC9A /* Resources */,
			);
			buildRules = (
			);
			dependencies = (
			);
			name = "Tabboz macOS";
			productName = "Tabboz macOS";
			productReference = 3FC1271424E8B7B7006BDC9A /* Tabboz macOS.app */;
			productType = "com.apple.product-type.application";
		};
/* End PBXNativeTarget section */

/* Begin PBXProject section */
		3F4DA41A220FC25A008DC569 /* Project object */ = {
			isa = PBXProject;
			attributes = {
				LastSwiftUpdateCheck = 1200;
				LastUpgradeCheck = 1010;
				ORGANIZATIONNAME = "Antonio Malara";
				TargetAttributes = {
					3F4DA421220FC25A008DC569 = {
						CreatedOnToolsVersion = 10.1;
						LastSwiftMigration = 1010;
					};
					3FC1271324E8B7B7006BDC9A = {
						CreatedOnToolsVersion = 12.0;
					};
				};
			};
			buildConfigurationList = 3F4DA41D220FC25A008DC569 /* Build configuration list for PBXProject "Tabboz Simulator" */;
			compatibilityVersion = "Xcode 9.3";
			developmentRegion = en;
			hasScannedForEncodings = 0;
			knownRegions = (
				en,
				Base,
			);
			mainGroup = 3F4DA419220FC25A008DC569;
			productRefGroup = 3F4DA423220FC25A008DC569 /* Products */;
			projectDirPath = "";
			projectRoot = "";
			targets = (
				3F4DA421220FC25A008DC569 /* Tabboz Simulator */,
				3FC1271324E8B7B7006BDC9A /* Tabboz macOS */,
			);
		};
/* End PBXProject section */

/* Begin PBXResourcesBuildPhase section */
		3FC1271224E8B7B7006BDC9A /* Resources */ = {
			isa = PBXResourcesBuildPhase;
			buildActionMask = 2147483647;
			files = (
				3FC1271924E8B7B8006BDC9A /* Assets.xcassets in Resources */,
				3FC1272324E8B7F4006BDC9A /* ZARRO32.RES in Resources */,
				3FC1271C24E8B7B8006BDC9A /* MainMenu.xib in Resources */,
			);
			runOnlyForDeploymentPostprocessing = 0;
		};
/* End PBXResourcesBuildPhase section */

/* Begin PBXSourcesBuildPhase section */
		3F4DA41E220FC25A008DC569 /* Sources */ = {
			isa = PBXSourcesBuildPhase;
			buildActionMask = 2147483647;
			files = (
				3F54DC1C2210991100794232 /* stubs.m in Sources */,
			);
			runOnlyForDeploymentPostprocessing = 0;
		};
		3FC1271024E8B7B7006BDC9A /* Sources */ = {
			isa = PBXSourcesBuildPhase;
			buildActionMask = 2147483647;
			files = (
				3F2FF68624EC91CF00637016 /* scooter.c in Sources */,
				3F2FF68F24EC91CF00637016 /* tabimg.c in Sources */,
				3F2FF69024EC91CF00637016 /* lavoro.c in Sources */,
				3F0D4CC624E8C4BB008637C6 /* stubs.m in Sources */,
				3FC1271724E8B7B7006BDC9A /* AppDelegate.swift in Sources */,
				3F2FF68524EC91CF00637016 /* zarrosim.c in Sources */,
				3F2FF68824EC91CF00637016 /* scuola.c in Sources */,
				3F2FF68E24EC91CF00637016 /* prompt.c in Sources */,
				3F2FF68C24EC91CF00637016 /* eventi.c in Sources */,
				3F2FF68D24EC91CF00637016 /* disco.c in Sources */,
				3F2FF68924EC91CF00637016 /* tipa.c in Sources */,
				3F2FF68724EC91CF00637016 /* vestiti.c in Sources */,
				3FC1272624E8B841006BDC9A /* Win32Resources.swift in Sources */,
				3F2FF68A24EC91CF00637016 /* telefono.c in Sources */,
				3F2FF68B24EC91CF00637016 /* tempo.c in Sources */,
				3F2FF69224EC934800637016 /* readkey.c in Sources */,
			);
			runOnlyForDeploymentPostprocessing = 0;
		};
/* End PBXSourcesBuildPhase section */

/* Begin PBXVariantGroup section */
		3FC1271A24E8B7B8006BDC9A /* MainMenu.xib */ = {
			isa = PBXVariantGroup;
			children = (
				3FC1271B24E8B7B8006BDC9A /* Base */,
			);
			name = MainMenu.xib;
			sourceTree = "<group>";
		};
/* End PBXVariantGroup section */

/* Begin XCBuildConfiguration section */
		3F4DA427220FC25A008DC569 /* Debug */ = {
			isa = XCBuildConfiguration;
			buildSettings = {
				ALWAYS_SEARCH_USER_PATHS = NO;
				CLANG_ANALYZER_NONNULL = YES;
				CLANG_ANALYZER_NUMBER_OBJECT_CONVERSION = YES_AGGRESSIVE;
				CLANG_CXX_LANGUAGE_STANDARD = "gnu++14";
				CLANG_CXX_LIBRARY = "libc++";
				CLANG_ENABLE_MODULES = YES;
				CLANG_ENABLE_OBJC_ARC = YES;
				CLANG_ENABLE_OBJC_WEAK = YES;
				CLANG_WARN_BLOCK_CAPTURE_AUTORELEASING = YES;
				CLANG_WARN_BOOL_CONVERSION = YES;
				CLANG_WARN_COMMA = YES;
				CLANG_WARN_CONSTANT_CONVERSION = YES;
				CLANG_WARN_DEPRECATED_OBJC_IMPLEMENTATIONS = YES;
				CLANG_WARN_DIRECT_OBJC_ISA_USAGE = YES_ERROR;
				CLANG_WARN_DOCUMENTATION_COMMENTS = YES;
				CLANG_WARN_EMPTY_BODY = YES;
				CLANG_WARN_ENUM_CONVERSION = YES;
				CLANG_WARN_INFINITE_RECURSION = YES;
				CLANG_WARN_INT_CONVERSION = YES;
				CLANG_WARN_NON_LITERAL_NULL_CONVERSION = YES;
				CLANG_WARN_OBJC_IMPLICIT_RETAIN_SELF = YES;
				CLANG_WARN_OBJC_LITERAL_CONVERSION = YES;
				CLANG_WARN_OBJC_ROOT_CLASS = YES_ERROR;
				CLANG_WARN_RANGE_LOOP_ANALYSIS = YES;
				CLANG_WARN_STRICT_PROTOTYPES = YES;
				CLANG_WARN_SUSPICIOUS_MOVE = YES;
				CLANG_WARN_UNGUARDED_AVAILABILITY = YES_AGGRESSIVE;
				CLANG_WARN_UNREACHABLE_CODE = YES;
				CLANG_WARN__DUPLICATE_METHOD_MATCH = YES;
				CODE_SIGN_IDENTITY = "-";
				COPY_PHASE_STRIP = NO;
				DEBUG_INFORMATION_FORMAT = dwarf;
				ENABLE_STRICT_OBJC_MSGSEND = YES;
				ENABLE_TESTABILITY = YES;
				GCC_C_LANGUAGE_STANDARD = gnu11;
				GCC_DYNAMIC_NO_PIC = NO;
				GCC_NO_COMMON_BLOCKS = YES;
				GCC_OPTIMIZATION_LEVEL = 0;
				GCC_PREPROCESSOR_DEFINITIONS = (
					"DEBUG=1",
					"$(inherited)",
				);
				GCC_WARN_64_TO_32_BIT_CONVERSION = YES;
				GCC_WARN_ABOUT_RETURN_TYPE = YES_ERROR;
				GCC_WARN_UNDECLARED_SELECTOR = YES;
				GCC_WARN_UNINITIALIZED_AUTOS = YES_AGGRESSIVE;
				GCC_WARN_UNUSED_FUNCTION = YES;
				GCC_WARN_UNUSED_VARIABLE = YES;
				MACOSX_DEPLOYMENT_TARGET = 10.14;
				MTL_ENABLE_DEBUG_INFO = INCLUDE_SOURCE;
				MTL_FAST_MATH = YES;
				ONLY_ACTIVE_ARCH = YES;
				SDKROOT = macosx;
				SWIFT_ACTIVE_COMPILATION_CONDITIONS = DEBUG;
				SWIFT_OPTIMIZATION_LEVEL = "-Onone";
			};
			name = Debug;
		};
		3F4DA428220FC25A008DC569 /* Release */ = {
			isa = XCBuildConfiguration;
			buildSettings = {
				ALWAYS_SEARCH_USER_PATHS = NO;
				CLANG_ANALYZER_NONNULL = YES;
				CLANG_ANALYZER_NUMBER_OBJECT_CONVERSION = YES_AGGRESSIVE;
				CLANG_CXX_LANGUAGE_STANDARD = "gnu++14";
				CLANG_CXX_LIBRARY = "libc++";
				CLANG_ENABLE_MODULES = YES;
				CLANG_ENABLE_OBJC_ARC = YES;
				CLANG_ENABLE_OBJC_WEAK = YES;
				CLANG_WARN_BLOCK_CAPTURE_AUTORELEASING = YES;
				CLANG_WARN_BOOL_CONVERSION = YES;
				CLANG_WARN_COMMA = YES;
				CLANG_WARN_CONSTANT_CONVERSION = YES;
				CLANG_WARN_DEPRECATED_OBJC_IMPLEMENTATIONS = YES;
				CLANG_WARN_DIRECT_OBJC_ISA_USAGE = YES_ERROR;
				CLANG_WARN_DOCUMENTATION_COMMENTS = YES;
				CLANG_WARN_EMPTY_BODY = YES;
				CLANG_WARN_ENUM_CONVERSION = YES;
				CLANG_WARN_INFINITE_RECURSION = YES;
				CLANG_WARN_INT_CONVERSION = YES;
				CLANG_WARN_NON_LITERAL_NULL_CONVERSION = YES;
				CLANG_WARN_OBJC_IMPLICIT_RETAIN_SELF = YES;
				CLANG_WARN_OBJC_LITERAL_CONVERSION = YES;
				CLANG_WARN_OBJC_ROOT_CLASS = YES_ERROR;
				CLANG_WARN_RANGE_LOOP_ANALYSIS = YES;
				CLANG_WARN_STRICT_PROTOTYPES = YES;
				CLANG_WARN_SUSPICIOUS_MOVE = YES;
				CLANG_WARN_UNGUARDED_AVAILABILITY = YES_AGGRESSIVE;
				CLANG_WARN_UNREACHABLE_CODE = YES;
				CLANG_WARN__DUPLICATE_METHOD_MATCH = YES;
				CODE_SIGN_IDENTITY = "-";
				COPY_PHASE_STRIP = NO;
				DEBUG_INFORMATION_FORMAT = "dwarf-with-dsym";
				ENABLE_NS_ASSERTIONS = NO;
				ENABLE_STRICT_OBJC_MSGSEND = YES;
				GCC_C_LANGUAGE_STANDARD = gnu11;
				GCC_NO_COMMON_BLOCKS = YES;
				GCC_WARN_64_TO_32_BIT_CONVERSION = YES;
				GCC_WARN_ABOUT_RETURN_TYPE = YES_ERROR;
				GCC_WARN_UNDECLARED_SELECTOR = YES;
				GCC_WARN_UNINITIALIZED_AUTOS = YES_AGGRESSIVE;
				GCC_WARN_UNUSED_FUNCTION = YES;
				GCC_WARN_UNUSED_VARIABLE = YES;
				MACOSX_DEPLOYMENT_TARGET = 10.14;
				MTL_ENABLE_DEBUG_INFO = NO;
				MTL_FAST_MATH = YES;
				SDKROOT = macosx;
				SWIFT_COMPILATION_MODE = wholemodule;
				SWIFT_OPTIMIZATION_LEVEL = "-O";
			};
			name = Release;
		};
		3F4DA42A220FC25A008DC569 /* Debug */ = {
			isa = XCBuildConfiguration;
			buildSettings = {
				CLANG_ENABLE_MODULES = YES;
				GCC_PREPROCESSOR_DEFINITIONS = (
					"$(inherited)",
					"CLI=1",
				);
				LD_RUNPATH_SEARCH_PATHS = (
					"$(inherited)",
					"@executable_path/../Frameworks",
					"@loader_path/../Frameworks",
				);
				PRODUCT_NAME = "$(TARGET_NAME)";
				SWIFT_OBJC_BRIDGING_HEADER = "Tabboz Simulator/C/Tabboz Simulator-Bridging-Header.h";
				SWIFT_OPTIMIZATION_LEVEL = "-Onone";
				SWIFT_VERSION = 4.2;
			};
			name = Debug;
		};
		3F4DA42B220FC25A008DC569 /* Release */ = {
			isa = XCBuildConfiguration;
			buildSettings = {
				CLANG_ENABLE_MODULES = YES;
				GCC_PREPROCESSOR_DEFINITIONS = (
					"$(inherited)",
					"CLI=1",
				);
				LD_RUNPATH_SEARCH_PATHS = (
					"$(inherited)",
					"@executable_path/../Frameworks",
					"@loader_path/../Frameworks",
				);
				PRODUCT_NAME = "$(TARGET_NAME)";
				SWIFT_OBJC_BRIDGING_HEADER = "Tabboz Simulator/C/Tabboz Simulator-Bridging-Header.h";
				SWIFT_VERSION = 4.2;
			};
			name = Release;
		};
		3FC1271F24E8B7B8006BDC9A /* Debug */ = {
			isa = XCBuildConfiguration;
			buildSettings = {
				ASSETCATALOG_COMPILER_APPICON_NAME = AppIcon;
				ASSETCATALOG_COMPILER_GLOBAL_ACCENT_COLOR_NAME = AccentColor;
				CLANG_WARN_QUOTED_INCLUDE_IN_FRAMEWORK_HEADER = YES;
				CODE_SIGN_ENTITLEMENTS = "Tabboz macOS/Resources/Tabboz_macOS.entitlements";
				CODE_SIGN_STYLE = Automatic;
				COMBINE_HIDPI_IMAGES = YES;
				INFOPLIST_FILE = "Tabboz macOS/Resources/Info.plist";
				LD_RUNPATH_SEARCH_PATHS = (
					"$(inherited)",
					"@executable_path/../Frameworks",
				);
				MACOSX_DEPLOYMENT_TARGET = 10.15;
				PRODUCT_BUNDLE_IDENTIFIER = "name.antonio.malara.Tabboz-macOS";
				PRODUCT_NAME = "$(TARGET_NAME)";
				SWIFT_OBJC_BRIDGING_HEADER = "Tabboz Simulator/C/Tabboz Simulator-Bridging-Header.h";
				SWIFT_VERSION = 4.2;
			};
			name = Debug;
		};
		3FC1272024E8B7B8006BDC9A /* Release */ = {
			isa = XCBuildConfiguration;
			buildSettings = {
				ASSETCATALOG_COMPILER_APPICON_NAME = AppIcon;
				ASSETCATALOG_COMPILER_GLOBAL_ACCENT_COLOR_NAME = AccentColor;
				CLANG_WARN_QUOTED_INCLUDE_IN_FRAMEWORK_HEADER = YES;
				CODE_SIGN_ENTITLEMENTS = "Tabboz macOS/Resources/Tabboz_macOS.entitlements";
				CODE_SIGN_STYLE = Automatic;
				COMBINE_HIDPI_IMAGES = YES;
				INFOPLIST_FILE = "Tabboz macOS/Resources/Info.plist";
				LD_RUNPATH_SEARCH_PATHS = (
					"$(inherited)",
					"@executable_path/../Frameworks",
				);
				MACOSX_DEPLOYMENT_TARGET = 10.15;
				PRODUCT_BUNDLE_IDENTIFIER = "name.antonio.malara.Tabboz-macOS";
				PRODUCT_NAME = "$(TARGET_NAME)";
				SWIFT_OBJC_BRIDGING_HEADER = "Tabboz Simulator/C/Tabboz Simulator-Bridging-Header.h";
				SWIFT_VERSION = 4.2;
			};
			name = Release;
		};
/* End XCBuildConfiguration section */

/* Begin XCConfigurationList section */
		3F4DA41D220FC25A008DC569 /* Build configuration list for PBXProject "Tabboz Simulator" */ = {
			isa = XCConfigurationList;
			buildConfigurations = (
				3F4DA427220FC25A008DC569 /* Debug */,
				3F4DA428220FC25A008DC569 /* Release */,
			);
			defaultConfigurationIsVisible = 0;
			defaultConfigurationName = Release;
		};
		3F4DA429220FC25A008DC569 /* Build configuration list for PBXNativeTarget "Tabboz Simulator" */ = {
			isa = XCConfigurationList;
			buildConfigurations = (
				3F4DA42A220FC25A008DC569 /* Debug */,
				3F4DA42B220FC25A008DC569 /* Release */,
			);
			defaultConfigurationIsVisible = 0;
			defaultConfigurationName = Release;
		};
		3FC1272124E8B7B8006BDC9A /* Build configuration list for PBXNativeTarget "Tabboz macOS" */ = {
			isa = XCConfigurationList;
			buildConfigurations = (
				3FC1271F24E8B7B8006BDC9A /* Debug */,
				3FC1272024E8B7B8006BDC9A /* Release */,
			);
			defaultConfigurationIsVisible = 0;
			defaultConfigurationName = Release;
		};
/* End XCConfigurationList section */
	};
	rootObject = 3F4DA41A220FC25A008DC569 /* Project object */;
}
