// !$*UTF8*$!
{
	archiveVersion = 1;
	classes = {
	};
	objectVersion = 50;
	objects = {

/* Begin PBXBuildFile section */
		3F4DA426220FC25A008DC569 /* main.swift in Sources */ = {isa = PBXBuildFile; fileRef = 3F4DA425220FC25A008DC569 /* main.swift */; };
		3F54DC1C2210991100794232 /* stubs.c in Sources */ = {isa = PBXBuildFile; fileRef = 3F54DC1B2210991100794232 /* stubs.c */; };
		3FED2040220FC7E000AC38D7 /* disco.c in Sources */ = {isa = PBXBuildFile; fileRef = 3FED203F220FC7E000AC38D7 /* disco.c */; };
		3FED2054220FCA3500AC38D7 /* lavoro.c in Sources */ = {isa = PBXBuildFile; fileRef = 3FED2042220FCA3500AC38D7 /* lavoro.c */; };
		3FED2055220FCA3500AC38D7 /* vestiti.c in Sources */ = {isa = PBXBuildFile; fileRef = 3FED2043220FCA3500AC38D7 /* vestiti.c */; };
		3FED2059220FCA3500AC38D7 /* tabimg.c in Sources */ = {isa = PBXBuildFile; fileRef = 3FED2047220FCA3500AC38D7 /* tabimg.c */; };
		3FED205A220FCA3500AC38D7 /* prompt.c in Sources */ = {isa = PBXBuildFile; fileRef = 3FED2048220FCA3500AC38D7 /* prompt.c */; };
		3FED205B220FCA3500AC38D7 /* eventi.c in Sources */ = {isa = PBXBuildFile; fileRef = 3FED2049220FCA3500AC38D7 /* eventi.c */; };
		3FED205C220FCA3500AC38D7 /* readkey.c in Sources */ = {isa = PBXBuildFile; fileRef = 3FED204B220FCA3500AC38D7 /* readkey.c */; };
		3FED205D220FCA3500AC38D7 /* telefono.c in Sources */ = {isa = PBXBuildFile; fileRef = 3FED204C220FCA3500AC38D7 /* telefono.c */; };
		3FED205E220FCA3500AC38D7 /* tipa.c in Sources */ = {isa = PBXBuildFile; fileRef = 3FED204D220FCA3500AC38D7 /* tipa.c */; };
		3FED205F220FCA3500AC38D7 /* zarrosim.c in Sources */ = {isa = PBXBuildFile; fileRef = 3FED204E220FCA3500AC38D7 /* zarrosim.c */; };
		3FED2060220FCA3500AC38D7 /* scooter.c in Sources */ = {isa = PBXBuildFile; fileRef = 3FED2050220FCA3500AC38D7 /* scooter.c */; };
		3FED2061220FCA3500AC38D7 /* scuola.c in Sources */ = {isa = PBXBuildFile; fileRef = 3FED2051220FCA3500AC38D7 /* scuola.c */; };
		3FED2062220FCA3500AC38D7 /* tempo.c in Sources */ = {isa = PBXBuildFile; fileRef = 3FED2052220FCA3500AC38D7 /* tempo.c */; };
/* End PBXBuildFile section */

/* Begin PBXCopyFilesBuildPhase section */
		3F4DA420220FC25A008DC569 /* CopyFiles */ = {
			isa = PBXCopyFilesBuildPhase;
			buildActionMask = 2147483647;
			dstPath = /usr/share/man/man1/;
			dstSubfolderSpec = 0;
			files = (
			);
			runOnlyForDeploymentPostprocessing = 1;
		};
/* End PBXCopyFilesBuildPhase section */

/* Begin PBXFileReference section */
		3F4DA422220FC25A008DC569 /* Tabboz Simulator */ = {isa = PBXFileReference; explicitFileType = "compiled.mach-o.executable"; includeInIndex = 0; path = "Tabboz Simulator"; sourceTree = BUILT_PRODUCTS_DIR; };
		3F4DA425220FC25A008DC569 /* main.swift */ = {isa = PBXFileReference; lastKnownFileType = sourcecode.swift; path = main.swift; sourceTree = "<group>"; };
		3F54DC1B2210991100794232 /* stubs.c */ = {isa = PBXFileReference; lastKnownFileType = sourcecode.c.c; path = stubs.c; sourceTree = "<group>"; };
		3FED203E220FC7E000AC38D7 /* Tabboz Simulator-Bridging-Header.h */ = {isa = PBXFileReference; lastKnownFileType = sourcecode.c.h; path = "Tabboz Simulator-Bridging-Header.h"; sourceTree = "<group>"; };
		3FED203F220FC7E000AC38D7 /* disco.c */ = {isa = PBXFileReference; fileEncoding = 4; lastKnownFileType = sourcecode.c.c; name = disco.c; path = "Tabboz Simulator/C/disco.c"; sourceTree = SOURCE_ROOT; };
		3FED2041220FCA3500AC38D7 /* resource.h */ = {isa = PBXFileReference; fileEncoding = 4; lastKnownFileType = sourcecode.c.h; name = resource.h; path = "Tabboz Simulator/C/resource.h"; sourceTree = SOURCE_ROOT; };
		3FED2042220FCA3500AC38D7 /* lavoro.c */ = {isa = PBXFileReference; fileEncoding = 4; lastKnownFileType = sourcecode.c.c; name = lavoro.c; path = "Tabboz Simulator/C/lavoro.c"; sourceTree = SOURCE_ROOT; };
		3FED2043220FCA3500AC38D7 /* vestiti.c */ = {isa = PBXFileReference; fileEncoding = 4; lastKnownFileType = sourcecode.c.c; name = vestiti.c; path = "Tabboz Simulator/C/vestiti.c"; sourceTree = SOURCE_ROOT; };
		3FED2046220FCA3500AC38D7 /* net.c */ = {isa = PBXFileReference; fileEncoding = 4; lastKnownFileType = sourcecode.c.c; name = net.c; path = "Tabboz Simulator/C/net.c"; sourceTree = SOURCE_ROOT; };
		3FED2047220FCA3500AC38D7 /* tabimg.c */ = {isa = PBXFileReference; fileEncoding = 4; lastKnownFileType = sourcecode.c.c; name = tabimg.c; path = "Tabboz Simulator/C/tabimg.c"; sourceTree = SOURCE_ROOT; };
		3FED2048220FCA3500AC38D7 /* prompt.c */ = {isa = PBXFileReference; fileEncoding = 4; lastKnownFileType = sourcecode.c.c; name = prompt.c; path = "Tabboz Simulator/C/prompt.c"; sourceTree = SOURCE_ROOT; };
		3FED2049220FCA3500AC38D7 /* eventi.c */ = {isa = PBXFileReference; fileEncoding = 4; lastKnownFileType = sourcecode.c.c; name = eventi.c; path = "Tabboz Simulator/C/eventi.c"; sourceTree = SOURCE_ROOT; };
		3FED204A220FCA3500AC38D7 /* os.h */ = {isa = PBXFileReference; fileEncoding = 4; lastKnownFileType = sourcecode.c.h; name = os.h; path = "Tabboz Simulator/C/os.h"; sourceTree = SOURCE_ROOT; };
		3FED204B220FCA3500AC38D7 /* readkey.c */ = {isa = PBXFileReference; fileEncoding = 4; lastKnownFileType = sourcecode.c.c; name = readkey.c; path = "Tabboz Simulator/C/readkey.c"; sourceTree = SOURCE_ROOT; };
		3FED204C220FCA3500AC38D7 /* telefono.c */ = {isa = PBXFileReference; fileEncoding = 4; lastKnownFileType = sourcecode.c.c; name = telefono.c; path = "Tabboz Simulator/C/telefono.c"; sourceTree = SOURCE_ROOT; };
		3FED204D220FCA3500AC38D7 /* tipa.c */ = {isa = PBXFileReference; fileEncoding = 4; lastKnownFileType = sourcecode.c.c; name = tipa.c; path = "Tabboz Simulator/C/tipa.c"; sourceTree = SOURCE_ROOT; };
		3FED204E220FCA3500AC38D7 /* zarrosim.c */ = {isa = PBXFileReference; fileEncoding = 4; lastKnownFileType = sourcecode.c.c; name = zarrosim.c; path = "Tabboz Simulator/C/zarrosim.c"; sourceTree = SOURCE_ROOT; };
		3FED204F220FCA3500AC38D7 /* zarrosim.h */ = {isa = PBXFileReference; fileEncoding = 4; lastKnownFileType = sourcecode.c.h; name = zarrosim.h; path = "Tabboz Simulator/C/zarrosim.h"; sourceTree = SOURCE_ROOT; };
		3FED2050220FCA3500AC38D7 /* scooter.c */ = {isa = PBXFileReference; fileEncoding = 4; lastKnownFileType = sourcecode.c.c; name = scooter.c; path = "Tabboz Simulator/C/scooter.c"; sourceTree = SOURCE_ROOT; };
		3FED2051220FCA3500AC38D7 /* scuola.c */ = {isa = PBXFileReference; fileEncoding = 4; lastKnownFileType = sourcecode.c.c; name = scuola.c; path = "Tabboz Simulator/C/scuola.c"; sourceTree = SOURCE_ROOT; };
		3FED2052220FCA3500AC38D7 /* tempo.c */ = {isa = PBXFileReference; fileEncoding = 4; lastKnownFileType = sourcecode.c.c; name = tempo.c; path = "Tabboz Simulator/C/tempo.c"; sourceTree = SOURCE_ROOT; };
		3FED2053220FCA3500AC38D7 /* net.h */ = {isa = PBXFileReference; fileEncoding = 4; lastKnownFileType = sourcecode.c.h; name = net.h; path = "Tabboz Simulator/C/net.h"; sourceTree = SOURCE_ROOT; };
/* End PBXFileReference section */

/* Begin PBXFrameworksBuildPhase section */
		3F4DA41F220FC25A008DC569 /* Frameworks */ = {
			isa = PBXFrameworksBuildPhase;
			buildActionMask = 2147483647;
			files = (
			);
			runOnlyForDeploymentPostprocessing = 0;
		};
/* End PBXFrameworksBuildPhase section */

/* Begin PBXGroup section */
		3F4DA419220FC25A008DC569 = {
			isa = PBXGroup;
			children = (
				3F4DA424220FC25A008DC569 /* Tabboz Simulator */,
				3F4DA423220FC25A008DC569 /* Products */,
			);
			sourceTree = "<group>";
		};
		3F4DA423220FC25A008DC569 /* Products */ = {
			isa = PBXGroup;
			children = (
				3F4DA422220FC25A008DC569 /* Tabboz Simulator */,
			);
			name = Products;
			sourceTree = "<group>";
		};
		3F4DA424220FC25A008DC569 /* Tabboz Simulator */ = {
			isa = PBXGroup;
			children = (
				3FED203D220FC7B800AC38D7 /* C */,
				3F4DA425220FC25A008DC569 /* main.swift */,
				3F54DC1B2210991100794232 /* stubs.c */,
			);
			path = "Tabboz Simulator";
			sourceTree = "<group>";
		};
		3FED203D220FC7B800AC38D7 /* C */ = {
			isa = PBXGroup;
			children = (
				3FED203F220FC7E000AC38D7 /* disco.c */,
				3FED2049220FCA3500AC38D7 /* eventi.c */,
				3FED2042220FCA3500AC38D7 /* lavoro.c */,
				3FED2046220FCA3500AC38D7 /* net.c */,
				3FED2053220FCA3500AC38D7 /* net.h */,
				3FED204A220FCA3500AC38D7 /* os.h */,
				3FED2048220FCA3500AC38D7 /* prompt.c */,
				3FED204B220FCA3500AC38D7 /* readkey.c */,
				3FED2041220FCA3500AC38D7 /* resource.h */,
				3FED2050220FCA3500AC38D7 /* scooter.c */,
				3FED2051220FCA3500AC38D7 /* scuola.c */,
				3FED2047220FCA3500AC38D7 /* tabimg.c */,
				3FED204C220FCA3500AC38D7 /* telefono.c */,
				3FED2052220FCA3500AC38D7 /* tempo.c */,
				3FED204D220FCA3500AC38D7 /* tipa.c */,
				3FED2043220FCA3500AC38D7 /* vestiti.c */,
				3FED204E220FCA3500AC38D7 /* zarrosim.c */,
				3FED204F220FCA3500AC38D7 /* zarrosim.h */,
				3FED203E220FC7E000AC38D7 /* Tabboz Simulator-Bridging-Header.h */,
			);
			path = C;
			sourceTree = "<group>";
		};
/* End PBXGroup section */

/* Begin PBXNativeTarget section */
		3F4DA421220FC25A008DC569 /* Tabboz Simulator */ = {
			isa = PBXNativeTarget;
			buildConfigurationList = 3F4DA429220FC25A008DC569 /* Build configuration list for PBXNativeTarget "Tabboz Simulator" */;
			buildPhases = (
				3F4DA41E220FC25A008DC569 /* Sources */,
				3F4DA41F220FC25A008DC569 /* Frameworks */,
				3F4DA420220FC25A008DC569 /* CopyFiles */,
			);
			buildRules = (
			);
			dependencies = (
			);
			name = "Tabboz Simulator";
			productName = "Tabboz Simulator";
			productReference = 3F4DA422220FC25A008DC569 /* Tabboz Simulator */;
			productType = "com.apple.product-type.tool";
		};
/* End PBXNativeTarget section */

/* Begin PBXProject section */
		3F4DA41A220FC25A008DC569 /* Project object */ = {
			isa = PBXProject;
			attributes = {
				LastSwiftUpdateCheck = 1010;
				LastUpgradeCheck = 1010;
				ORGANIZATIONNAME = "Antonio Malara";
				TargetAttributes = {
					3F4DA421220FC25A008DC569 = {
						CreatedOnToolsVersion = 10.1;
						LastSwiftMigration = 1010;
					};
				};
			};
			buildConfigurationList = 3F4DA41D220FC25A008DC569 /* Build configuration list for PBXProject "Tabboz Simulator" */;
			compatibilityVersion = "Xcode 9.3";
			developmentRegion = en;
			hasScannedForEncodings = 0;
			knownRegions = (
				en,
			);
			mainGroup = 3F4DA419220FC25A008DC569;
			productRefGroup = 3F4DA423220FC25A008DC569 /* Products */;
			projectDirPath = "";
			projectRoot = "";
			targets = (
				3F4DA421220FC25A008DC569 /* Tabboz Simulator */,
			);
		};
/* End PBXProject section */

/* Begin PBXSourcesBuildPhase section */
		3F4DA41E220FC25A008DC569 /* Sources */ = {
			isa = PBXSourcesBuildPhase;
			buildActionMask = 2147483647;
			files = (
				3FED2061220FCA3500AC38D7 /* scuola.c in Sources */,
				3FED205E220FCA3500AC38D7 /* tipa.c in Sources */,
				3FED2040220FC7E000AC38D7 /* disco.c in Sources */,
				3FED205A220FCA3500AC38D7 /* prompt.c in Sources */,
				3F4DA426220FC25A008DC569 /* main.swift in Sources */,
				3FED2055220FCA3500AC38D7 /* vestiti.c in Sources */,
				3FED2054220FCA3500AC38D7 /* lavoro.c in Sources */,
				3FED205B220FCA3500AC38D7 /* eventi.c in Sources */,
				3FED205F220FCA3500AC38D7 /* zarrosim.c in Sources */,
				3F54DC1C2210991100794232 /* stubs.c in Sources */,
				3FED2059220FCA3500AC38D7 /* tabimg.c in Sources */,
				3FED2060220FCA3500AC38D7 /* scooter.c in Sources */,
				3FED205C220FCA3500AC38D7 /* readkey.c in Sources */,
				3FED2062220FCA3500AC38D7 /* tempo.c in Sources */,
				3FED205D220FCA3500AC38D7 /* telefono.c in Sources */,
			);
			runOnlyForDeploymentPostprocessing = 0;
		};
/* End PBXSourcesBuildPhase section */

/* Begin XCBuildConfiguration section */
		3F4DA427220FC25A008DC569 /* Debug */ = {
			isa = XCBuildConfiguration;
			buildSettings = {
				ALWAYS_SEARCH_USER_PATHS = NO;
				CLANG_ANALYZER_NONNULL = YES;
				CLANG_ANALYZER_NUMBER_OBJECT_CONVERSION = YES_AGGRESSIVE;
				CLANG_CXX_LANGUAGE_STANDARD = "gnu++14";
				CLANG_CXX_LIBRARY = "libc++";
				CLANG_ENABLE_MODULES = YES;
				CLANG_ENABLE_OBJC_ARC = YES;
				CLANG_ENABLE_OBJC_WEAK = YES;
				CLANG_WARN_BLOCK_CAPTURE_AUTORELEASING = YES;
				CLANG_WARN_BOOL_CONVERSION = YES;
				CLANG_WARN_COMMA = YES;
				CLANG_WARN_CONSTANT_CONVERSION = YES;
				CLANG_WARN_DEPRECATED_OBJC_IMPLEMENTATIONS = YES;
				CLANG_WARN_DIRECT_OBJC_ISA_USAGE = YES_ERROR;
				CLANG_WARN_DOCUMENTATION_COMMENTS = YES;
				CLANG_WARN_EMPTY_BODY = YES;
				CLANG_WARN_ENUM_CONVERSION = YES;
				CLANG_WARN_INFINITE_RECURSION = YES;
				CLANG_WARN_INT_CONVERSION = YES;
				CLANG_WARN_NON_LITERAL_NULL_CONVERSION = YES;
				CLANG_WARN_OBJC_IMPLICIT_RETAIN_SELF = YES;
				CLANG_WARN_OBJC_LITERAL_CONVERSION = YES;
				CLANG_WARN_OBJC_ROOT_CLASS = YES_ERROR;
				CLANG_WARN_RANGE_LOOP_ANALYSIS = YES;
				CLANG_WARN_STRICT_PROTOTYPES = YES;
				CLANG_WARN_SUSPICIOUS_MOVE = YES;
				CLANG_WARN_UNGUARDED_AVAILABILITY = YES_AGGRESSIVE;
				CLANG_WARN_UNREACHABLE_CODE = YES;
				CLANG_WARN__DUPLICATE_METHOD_MATCH = YES;
				CODE_SIGN_IDENTITY = "-";
				COPY_PHASE_STRIP = NO;
				DEBUG_INFORMATION_FORMAT = dwarf;
				ENABLE_STRICT_OBJC_MSGSEND = YES;
				ENABLE_TESTABILITY = YES;
				GCC_C_LANGUAGE_STANDARD = gnu11;
				GCC_DYNAMIC_NO_PIC = NO;
				GCC_NO_COMMON_BLOCKS = YES;
				GCC_OPTIMIZATION_LEVEL = 0;
				GCC_PREPROCESSOR_DEFINITIONS = (
					"DEBUG=1",
					"$(inherited)",
				);
				GCC_WARN_64_TO_32_BIT_CONVERSION = YES;
				GCC_WARN_ABOUT_RETURN_TYPE = YES_ERROR;
				GCC_WARN_UNDECLARED_SELECTOR = YES;
				GCC_WARN_UNINITIALIZED_AUTOS = YES_AGGRESSIVE;
				GCC_WARN_UNUSED_FUNCTION = YES;
				GCC_WARN_UNUSED_VARIABLE = YES;
				MACOSX_DEPLOYMENT_TARGET = 10.14;
				MTL_ENABLE_DEBUG_INFO = INCLUDE_SOURCE;
				MTL_FAST_MATH = YES;
				ONLY_ACTIVE_ARCH = YES;
				SDKROOT = macosx;
				SWIFT_ACTIVE_COMPILATION_CONDITIONS = DEBUG;
				SWIFT_OPTIMIZATION_LEVEL = "-Onone";
			};
			name = Debug;
		};
		3F4DA428220FC25A008DC569 /* Release */ = {
			isa = XCBuildConfiguration;
			buildSettings = {
				ALWAYS_SEARCH_USER_PATHS = NO;
				CLANG_ANALYZER_NONNULL = YES;
				CLANG_ANALYZER_NUMBER_OBJECT_CONVERSION = YES_AGGRESSIVE;
				CLANG_CXX_LANGUAGE_STANDARD = "gnu++14";
				CLANG_CXX_LIBRARY = "libc++";
				CLANG_ENABLE_MODULES = YES;
				CLANG_ENABLE_OBJC_ARC = YES;
				CLANG_ENABLE_OBJC_WEAK = YES;
				CLANG_WARN_BLOCK_CAPTURE_AUTORELEASING = YES;
				CLANG_WARN_BOOL_CONVERSION = YES;
				CLANG_WARN_COMMA = YES;
				CLANG_WARN_CONSTANT_CONVERSION = YES;
				CLANG_WARN_DEPRECATED_OBJC_IMPLEMENTATIONS = YES;
				CLANG_WARN_DIRECT_OBJC_ISA_USAGE = YES_ERROR;
				CLANG_WARN_DOCUMENTATION_COMMENTS = YES;
				CLANG_WARN_EMPTY_BODY = YES;
				CLANG_WARN_ENUM_CONVERSION = YES;
				CLANG_WARN_INFINITE_RECURSION = YES;
				CLANG_WARN_INT_CONVERSION = YES;
				CLANG_WARN_NON_LITERAL_NULL_CONVERSION = YES;
				CLANG_WARN_OBJC_IMPLICIT_RETAIN_SELF = YES;
				CLANG_WARN_OBJC_LITERAL_CONVERSION = YES;
				CLANG_WARN_OBJC_ROOT_CLASS = YES_ERROR;
				CLANG_WARN_RANGE_LOOP_ANALYSIS = YES;
				CLANG_WARN_STRICT_PROTOTYPES = YES;
				CLANG_WARN_SUSPICIOUS_MOVE = YES;
				CLANG_WARN_UNGUARDED_AVAILABILITY = YES_AGGRESSIVE;
				CLANG_WARN_UNREACHABLE_CODE = YES;
				CLANG_WARN__DUPLICATE_METHOD_MATCH = YES;
				CODE_SIGN_IDENTITY = "-";
				COPY_PHASE_STRIP = NO;
				DEBUG_INFORMATION_FORMAT = "dwarf-with-dsym";
				ENABLE_NS_ASSERTIONS = NO;
				ENABLE_STRICT_OBJC_MSGSEND = YES;
				GCC_C_LANGUAGE_STANDARD = gnu11;
				GCC_NO_COMMON_BLOCKS = YES;
				GCC_WARN_64_TO_32_BIT_CONVERSION = YES;
				GCC_WARN_ABOUT_RETURN_TYPE = YES_ERROR;
				GCC_WARN_UNDECLARED_SELECTOR = YES;
				GCC_WARN_UNINITIALIZED_AUTOS = YES_AGGRESSIVE;
				GCC_WARN_UNUSED_FUNCTION = YES;
				GCC_WARN_UNUSED_VARIABLE = YES;
				MACOSX_DEPLOYMENT_TARGET = 10.14;
				MTL_ENABLE_DEBUG_INFO = NO;
				MTL_FAST_MATH = YES;
				SDKROOT = macosx;
				SWIFT_COMPILATION_MODE = wholemodule;
				SWIFT_OPTIMIZATION_LEVEL = "-O";
			};
			name = Release;
		};
		3F4DA42A220FC25A008DC569 /* Debug */ = {
			isa = XCBuildConfiguration;
			buildSettings = {
				CLANG_ENABLE_MODULES = YES;
				LD_RUNPATH_SEARCH_PATHS = (
					"$(inherited)",
					"@executable_path/../Frameworks",
					"@loader_path/../Frameworks",
				);
				PRODUCT_NAME = "$(TARGET_NAME)";
				SWIFT_OBJC_BRIDGING_HEADER = "Tabboz Simulator/C/Tabboz Simulator-Bridging-Header.h";
				SWIFT_OPTIMIZATION_LEVEL = "-Onone";
				SWIFT_VERSION = 4.2;
			};
			name = Debug;
		};
		3F4DA42B220FC25A008DC569 /* Release */ = {
			isa = XCBuildConfiguration;
			buildSettings = {
				CLANG_ENABLE_MODULES = YES;
				LD_RUNPATH_SEARCH_PATHS = (
					"$(inherited)",
					"@executable_path/../Frameworks",
					"@loader_path/../Frameworks",
				);
				PRODUCT_NAME = "$(TARGET_NAME)";
				SWIFT_OBJC_BRIDGING_HEADER = "Tabboz Simulator/C/Tabboz Simulator-Bridging-Header.h";
				SWIFT_VERSION = 4.2;
			};
			name = Release;
		};
/* End XCBuildConfiguration section */

/* Begin XCConfigurationList section */
		3F4DA41D220FC25A008DC569 /* Build configuration list for PBXProject "Tabboz Simulator" */ = {
			isa = XCConfigurationList;
			buildConfigurations = (
				3F4DA427220FC25A008DC569 /* Debug */,
				3F4DA428220FC25A008DC569 /* Release */,
			);
			defaultConfigurationIsVisible = 0;
			defaultConfigurationName = Release;
		};
		3F4DA429220FC25A008DC569 /* Build configuration list for PBXNativeTarget "Tabboz Simulator" */ = {
			isa = XCConfigurationList;
			buildConfigurations = (
				3F4DA42A220FC25A008DC569 /* Debug */,
				3F4DA42B220FC25A008DC569 /* Release */,
			);
			defaultConfigurationIsVisible = 0;
			defaultConfigurationName = Release;
		};
/* End XCConfigurationList section */
	};
	rootObject = 3F4DA41A220FC25A008DC569 /* Project object */;
}
